// !$*UTF8*$!
{
	archiveVersion = 1;
	classes = {
	};
	objectVersion = 46;
	objects = {

/* Begin PBXBuildFile section */
		648FF1051D1975D300266BA2 /* AppDelegate.swift in Sources */ = {isa = PBXBuildFile; fileRef = 648FF1041D1975D300266BA2 /* AppDelegate.swift */; };
		648FF1071D1975D300266BA2 /* ViewController.swift in Sources */ = {isa = PBXBuildFile; fileRef = 648FF1061D1975D300266BA2 /* ViewController.swift */; };
		648FF10A1D1975D300266BA2 /* Main.storyboard in Resources */ = {isa = PBXBuildFile; fileRef = 648FF1081D1975D300266BA2 /* Main.storyboard */; };
		648FF10C1D1975D300266BA2 /* Assets.xcassets in Resources */ = {isa = PBXBuildFile; fileRef = 648FF10B1D1975D300266BA2 /* Assets.xcassets */; };
		648FF10F1D1975D300266BA2 /* LaunchScreen.storyboard in Resources */ = {isa = PBXBuildFile; fileRef = 648FF10D1D1975D300266BA2 /* LaunchScreen.storyboard */; };
/* End PBXBuildFile section */

/* Begin PBXFileReference section */
		648FF1011D1975D300266BA2 /* AutoLayoutExample4.app */ = {isa = PBXFileReference; explicitFileType = wrapper.application; includeInIndex = 0; path = AutoLayoutExample4.app; sourceTree = BUILT_PRODUCTS_DIR; };
		648FF1041D1975D300266BA2 /* AppDelegate.swift */ = {isa = PBXFileReference; lastKnownFileType = sourcecode.swift; path = AppDelegate.swift; sourceTree = "<group>"; };
		648FF1061D1975D300266BA2 /* ViewController.swift */ = {isa = PBXFileReference; lastKnownFileType = sourcecode.swift; path = ViewController.swift; sourceTree = "<group>"; };
		648FF1091D1975D300266BA2 /* Base */ = {isa = PBXFileReference; lastKnownFileType = file.storyboard; name = Base; path = Base.lproj/Main.storyboard; sourceTree = "<group>"; };
		648FF10B1D1975D300266BA2 /* Assets.xcassets */ = {isa = PBXFileReference; lastKnownFileType = folder.assetcatalog; path = Assets.xcassets; sourceTree = "<group>"; };
		648FF10E1D1975D300266BA2 /* Base */ = {isa = PBXFileReference; lastKnownFileType = file.storyboard; name = Base; path = Base.lproj/LaunchScreen.storyboard; sourceTree = "<group>"; };
		648FF1101D1975D300266BA2 /* Info.plist */ = {isa = PBXFileReference; lastKnownFileType = text.plist.xml; path = Info.plist; sourceTree = "<group>"; };
/* End PBXFileReference section */

/* Begin PBXFrameworksBuildPhase section */
		648FF0FE1D1975D300266BA2 /* Frameworks */ = {
			isa = PBXFrameworksBuildPhase;
			buildActionMask = 2147483647;
			files = (
			);
			runOnlyForDeploymentPostprocessing = 0;
		};
/* End PBXFrameworksBuildPhase section */

/* Begin PBXGroup section */
		648FF0F81D1975D300266BA2 = {
			isa = PBXGroup;
			children = (
				648FF1031D1975D300266BA2 /* AutoLayoutExample4 */,
				648FF1021D1975D300266BA2 /* Products */,
			);
			sourceTree = "<group>";
		};
		648FF1021D1975D300266BA2 /* Products */ = {
			isa = PBXGroup;
			children = (
				648FF1011D1975D300266BA2 /* AutoLayoutExample4.app */,
			);
			name = Products;
			sourceTree = "<group>";
		};
		648FF1031D1975D300266BA2 /* AutoLayoutExample4 */ = {
			isa = PBXGroup;
			children = (
				648FF1041D1975D300266BA2 /* AppDelegate.swift */,
				648FF1061D1975D300266BA2 /* ViewController.swift */,
				648FF1081D1975D300266BA2 /* Main.storyboard */,
				648FF10B1D1975D300266BA2 /* Assets.xcassets */,
				648FF10D1D1975D300266BA2 /* LaunchScreen.storyboard */,
				648FF1101D1975D300266BA2 /* Info.plist */,
			);
			path = AutoLayoutExample4;
			sourceTree = "<group>";
		};
/* End PBXGroup section */

/* Begin PBXNativeTarget section */
		648FF1001D1975D300266BA2 /* AutoLayoutExample4 */ = {
			isa = PBXNativeTarget;
			buildConfigurationList = 648FF1131D1975D300266BA2 /* Build configuration list for PBXNativeTarget "AutoLayoutExample4" */;
			buildPhases = (
				648FF0FD1D1975D300266BA2 /* Sources */,
				648FF0FE1D1975D300266BA2 /* Frameworks */,
				648FF0FF1D1975D300266BA2 /* Resources */,
			);
			buildRules = (
			);
			dependencies = (
			);
			name = AutoLayoutExample4;
			productName = AutoLayoutExample4;
			productReference = 648FF1011D1975D300266BA2 /* AutoLayoutExample4.app */;
			productType = "com.apple.product-type.application";
		};
/* End PBXNativeTarget section */

/* Begin PBXProject section */
		648FF0F91D1975D300266BA2 /* Project object */ = {
			isa = PBXProject;
			attributes = {
				LastSwiftUpdateCheck = 0730;
				LastUpgradeCheck = 0730;
				ORGANIZATIONNAME = "Thanh Luu";
				TargetAttributes = {
					648FF1001D1975D300266BA2 = {
						CreatedOnToolsVersion = 7.3.1;
					};
				};
			};
			buildConfigurationList = 648FF0FC1D1975D300266BA2 /* Build configuration list for PBXProject "AutoLayoutExample4" */;
			compatibilityVersion = "Xcode 3.2";
			developmentRegion = English;
			hasScannedForEncodings = 0;
			knownRegions = (
				en,
				Base,
			);
			mainGroup = 648FF0F81D1975D300266BA2;
			productRefGroup = 648FF1021D1975D300266BA2 /* Products */;
			projectDirPath = "";
			projectRoot = "";
			targets = (
				648FF1001D1975D300266BA2 /* AutoLayoutExample4 */,
			);
		};
/* End PBXProject section */

/* Begin PBXResourcesBuildPhase section */
		648FF0FF1D1975D300266BA2 /* Resources */ = {
			isa = PBXResourcesBuildPhase;
			buildActionMask = 2147483647;
			files = (
				648FF10F1D1975D300266BA2 /* LaunchScreen.storyboard in Resources */,
				648FF10C1D1975D300266BA2 /* Assets.xcassets in Resources */,
				648FF10A1D1975D300266BA2 /* Main.storyboard in Resources */,
			);
			runOnlyForDeploymentPostprocessing = 0;
		};
/* End PBXResourcesBuildPhase section */

/* Begin PBXSourcesBuildPhase section */
		648FF0FD1D1975D300266BA2 /* Sources */ = {
			isa = PBXSourcesBuildPhase;
			buildActionMask = 2147483647;
			files = (
				648FF1071D1975D300266BA2 /* ViewController.swift in Sources */,
				648FF1051D1975D300266BA2 /* AppDelegate.swift in Sources */,
			);
			runOnlyForDeploymentPostprocessing = 0;
		};
/* End PBXSourcesBuildPhase section */

/* Begin PBXVariantGroup section */
		648FF1081D1975D300266BA2 /* Main.storyboard */ = {
			isa = PBXVariantGroup;
			children = (
				648FF1091D1975D300266BA2 /* Base */,
			);
			name = Main.storyboard;
			sourceTree = "<group>";
		};
		648FF10D1D1975D300266BA2 /* LaunchScreen.storyboard */ = {
			isa = PBXVariantGroup;
			children = (
				648FF10E1D1975D300266BA2 /* Base */,
			);
			name = LaunchScreen.storyboard;
			sourceTree = "<group>";
		};
/* End PBXVariantGroup section */

/* Begin XCBuildConfiguration section */
		648FF1111D1975D300266BA2 /* Debug */ = {
			isa = XCBuildConfiguration;
			buildSettings = {
				ALWAYS_SEARCH_USER_PATHS = NO;
				CLANG_ANALYZER_NONNULL = YES;
				CLANG_CXX_LANGUAGE_STANDARD = "gnu++0x";
				CLANG_CXX_LIBRARY = "libc++";
				CLANG_ENABLE_MODULES = YES;
				CLANG_ENABLE_OBJC_ARC = YES;
				CLANG_WARN_BOOL_CONVERSION = YES;
				CLANG_WARN_CONSTANT_CONVERSION = YES;
				CLANG_WARN_DIRECT_OBJC_ISA_USAGE = YES_ERROR;
				CLANG_WARN_EMPTY_BODY = YES;
				CLANG_WARN_ENUM_CONVERSION = YES;
				CLANG_WARN_INT_CONVERSION = YES;
				CLANG_WARN_OBJC_ROOT_CLASS = YES_ERROR;
				CLANG_WARN_UNREACHABLE_CODE = YES;
				CLANG_WARN__DUPLICATE_METHOD_MATCH = YES;
				"CODE_SIGN_IDENTITY[sdk=iphoneos*]" = "iPhone Developer";
				COPY_PHASE_STRIP = NO;
				DEBUG_INFORMATION_FORMAT = dwarf;
				ENABLE_STRICT_OBJC_MSGSEND = YES;
				ENABLE_TESTABILITY = YES;
				GCC_C_LANGUAGE_STANDARD = gnu99;
				GCC_DYNAMIC_NO_PIC = NO;
				GCC_NO_COMMON_BLOCKS = YES;
				GCC_OPTIMIZATION_LEVEL = 0;
				GCC_PREPROCESSOR_DEFINITIONS = (
					"DEBUG=1",
					"$(inherited)",
				);
				GCC_WARN_64_TO_32_BIT_CONVERSION = YES;
				GCC_WARN_ABOUT_RETURN_TYPE = YES_ERROR;
				GCC_WARN_UNDECLARED_SELECTOR = YES;
				GCC_WARN_UNINITIALIZED_AUTOS = YES_AGGRESSIVE;
				GCC_WARN_UNUSED_FUNCTION = YES;
				GCC_WARN_UNUSED_VARIABLE = YES;
				IPHONEOS_DEPLOYMENT_TARGET = 9.3;
				MTL_ENABLE_DEBUG_INFO = YES;
				ONLY_ACTIVE_ARCH = YES;
				SDKROOT = iphoneos;
				SWIFT_OPTIMIZATION_LEVEL = "-Onone";
				TARGETED_DEVICE_FAMILY = "1,2";
			};
			name = Debug;
		};
		648FF1121D1975D300266BA2 /* Release */ = {
			isa = XCBuildConfiguration;
			buildSettings = {
				ALWAYS_SEARCH_USER_PATHS = NO;
				CLANG_ANALYZER_NONNULL = YES;
				CLANG_CXX_LANGUAGE_STANDARD = "gnu++0x";
				CLANG_CXX_LIBRARY = "libc++";
				CLANG_ENABLE_MODULES = YES;
				CLANG_ENABLE_OBJC_ARC = YES;
				CLANG_WARN_BOOL_CONVERSION = YES;
				CLANG_WARN_CONSTANT_CONVERSION = YES;
				CLANG_WARN_DIRECT_OBJC_ISA_USAGE = YES_ERROR;
				CLANG_WARN_EMPTY_BODY = YES;
				CLANG_WARN_ENUM_CONVERSION = YES;
				CLANG_WARN_INT_CONVERSION = YES;
				CLANG_WARN_OBJC_ROOT_CLASS = YES_ERROR;
				CLANG_WARN_UNREACHABLE_CODE = YES;
				CLANG_WARN__DUPLICATE_METHOD_MATCH = YES;
				"CODE_SIGN_IDENTITY[sdk=iphoneos*]" = "iPhone Developer";
				COPY_PHASE_STRIP = NO;
				DEBUG_INFORMATION_FORMAT = "dwarf-with-dsym";
				ENABLE_NS_ASSERTIONS = NO;
				ENABLE_STRICT_OBJC_MSGSEND = YES;
				GCC_C_LANGUAGE_STANDARD = gnu99;
				GCC_NO_COMMON_BLOCKS = YES;
				GCC_WARN_64_TO_32_BIT_CONVERSION = YES;
				GCC_WARN_ABOUT_RETURN_TYPE = YES_ERROR;
				GCC_WARN_UNDECLARED_SELECTOR = YES;
				GCC_WARN_UNINITIALIZED_AUTOS = YES_AGGRESSIVE;
				GCC_WARN_UNUSED_FUNCTION = YES;
				GCC_WARN_UNUSED_VARIABLE = YES;
				IPHONEOS_DEPLOYMENT_TARGET = 9.3;
				MTL_ENABLE_DEBUG_INFO = NO;
				SDKROOT = iphoneos;
				TARGETED_DEVICE_FAMILY = "1,2";
				VALIDATE_PRODUCT = YES;
			};
			name = Release;
		};
		648FF1141D1975D300266BA2 /* Debug */ = {
			isa = XCBuildConfiguration;
			buildSettings = {
				ASSETCATALOG_COMPILER_APPICON_NAME = AppIcon;
				INFOPLIST_FILE = AutoLayoutExample4/Info.plist;
				IPHONEOS_DEPLOYMENT_TARGET = 8.0;
				LD_RUNPATH_SEARCH_PATHS = "$(inherited) @executable_path/Frameworks";
				PRODUCT_BUNDLE_IDENTIFIER = com.thanhlt.AutoLayoutExample4;
				PRODUCT_NAME = "$(TARGET_NAME)";
			};
			name = Debug;
		};
		648FF1151D1975D300266BA2 /* Release */ = {
			isa = XCBuildConfiguration;
			buildSettings = {
				ASSETCATALOG_COMPILER_APPICON_NAME = AppIcon;
				INFOPLIST_FILE = AutoLayoutExample4/Info.plist;
				IPHONEOS_DEPLOYMENT_TARGET = 8.0;
				LD_RUNPATH_SEARCH_PATHS = "$(inherited) @executable_path/Frameworks";
				PRODUCT_BUNDLE_IDENTIFIER = com.thanhlt.AutoLayoutExample4;
				PRODUCT_NAME = "$(TARGET_NAME)";
			};
			name = Release;
		};
/* End XCBuildConfiguration section */

/* Begin XCConfigurationList section */
		648FF0FC1D1975D300266BA2 /* Build configuration list for PBXProject "AutoLayoutExample4" */ = {
			isa = XCConfigurationList;
			buildConfigurations = (
				648FF1111D1975D300266BA2 /* Debug */,
				648FF1121D1975D300266BA2 /* Release */,
			);
			defaultConfigurationIsVisible = 0;
			defaultConfigurationName = Release;
		};
		648FF1131D1975D300266BA2 /* Build configuration list for PBXNativeTarget "AutoLayoutExample4" */ = {
			isa = XCConfigurationList;
			buildConfigurations = (
				648FF1141D1975D300266BA2 /* Debug */,
				648FF1151D1975D300266BA2 /* Release */,
			);
			defaultConfigurationIsVisible = 0;
		};
/* End XCConfigurationList section */
	};
	rootObject = 648FF0F91D1975D300266BA2 /* Project object */;
}
